# THIS IS AN AUTOGENERATED FILE. DO NOT EDIT THIS FILE DIRECTLY.
# yarn lockfile v1


bintrees@1.0.1:
  version "1.0.1"
  resolved "https://registry.yarnpkg.com/bintrees/-/bintrees-1.0.1.tgz#0e655c9b9c2435eaab68bf4027226d2b55a34524"
  integrity sha1-DmVcm5wkNeqraL9AJyJtK1WjRSQ=

prom-client@^13.1.0:
  version "13.1.0"
  resolved "https://registry.yarnpkg.com/prom-client/-/prom-client-13.1.0.tgz#1185caffd8691e28d32e373972e662964e3dba45"
  integrity sha512-jT9VccZCWrJWXdyEtQddCDszYsiuWj5T0ekrPszi/WEegj3IZy6Mm09iOOVM86A4IKMWq8hZkT2dD9MaSe+sng==
  dependencies:
    tdigest "^0.1.1"

tdigest@^0.1.1:
  version "0.1.1"
  resolved "https://registry.yarnpkg.com/tdigest/-/tdigest-0.1.1.tgz#2e3cb2c39ea449e55d1e6cd91117accca4588021"
  integrity sha1-Ljyyw56kSeVdHmzZEReszKRYgCE=
  dependencies:
    bintrees "1.0.1"
